
Microsoft Visual Studio Solution File, Format Version 12.00
# Visual Studio 15
VisualStudioVersion = 15.0.27428.2015
MinimumVisualStudioVersion = 10.0.40219.1
Project("{FAE04EC0-301F-11D3-BF4B-00C04F79EFBC}") = "PizzaOrder", "PizzaOrder\PizzaOrder.csproj", "{35D23016-C818-4431-AA53-FB3200F31547}"
EndProject
Project("{FAE04EC0-301F-11D3-BF4B-00C04F79EFBC}") = "WindowsForm", "WindowsForm\WindowsForm.csproj", "{7597C7FC-7B4A-4670-A0DD-96A457666D31}"
EndProject
Project("{FAE04EC0-301F-11D3-BF4B-00C04F79EFBC}") = "PizzaOrder.Web", "WebApplication1\PizzaOrder.Web.csproj", "{21425AC9-DF94-4A13-9DDD-79FE1DDACFE0}"
EndProject
Global
	GlobalSection(SolutionConfigurationPlatforms) = preSolution
		Debug|Any CPU = Debug|Any CPU
		Release|Any CPU = Release|Any CPU
	EndGlobalSection
	GlobalSection(ProjectConfigurationPlatforms) = postSolution
		{35D23016-C818-4431-AA53-FB3200F31547}.Debug|Any CPU.ActiveCfg = Debug|Any CPU
		{35D23016-C818-4431-AA53-FB3200F31547}.Debug|Any CPU.Build.0 = Debug|Any CPU
		{35D23016-C818-4431-AA53-FB3200F31547}.Release|Any CPU.ActiveCfg = Release|Any CPU
		{35D23016-C818-4431-AA53-FB3200F31547}.Release|Any CPU.Build.0 = Release|Any CPU
		{7597C7FC-7B4A-4670-A0DD-96A457666D31}.Debug|Any CPU.ActiveCfg = Debug|Any CPU
		{7597C7FC-7B4A-4670-A0DD-96A457666D31}.Debug|Any CPU.Build.0 = Debug|Any CPU
		{7597C7FC-7B4A-4670-A0DD-96A457666D31}.Release|Any CPU.ActiveCfg = Release|Any CPU
		{7597C7FC-7B4A-4670-A0DD-96A457666D31}.Release|Any CPU.Build.0 = Release|Any CPU
		{21425AC9-DF94-4A13-9DDD-79FE1DDACFE0}.Debug|Any CPU.ActiveCfg = Debug|Any CPU
		{21425AC9-DF94-4A13-9DDD-79FE1DDACFE0}.Debug|Any CPU.Build.0 = Debug|Any CPU
		{21425AC9-DF94-4A13-9DDD-79FE1DDACFE0}.Release|Any CPU.ActiveCfg = Release|Any CPU
		{21425AC9-DF94-4A13-9DDD-79FE1DDACFE0}.Release|Any CPU.Build.0 = Release|Any CPU
	EndGlobalSection
	GlobalSection(SolutionProperties) = preSolution
		HideSolutionNode = FALSE
	EndGlobalSection
	GlobalSection(ExtensibilityGlobals) = postSolution
		SolutionGuid = {2066757B-BEA0-42F8-852A-4AA94B3D24FF}
	EndGlobalSection
EndGlobal
